
Microsoft Visual Studio Solution File, Format Version 12.00
# Visual Studio Version 17
VisualStudioVersion = 17.13.35919.96
MinimumVisualStudioVersion = 10.0.40219.1
Project("{FAE04EC0-301F-11D3-BF4B-00C04F79EFBC}") = "ArkServerManager", "ArkServerManager.csproj", "{1CFBB9EB-EA94-476D-85D1-7254AB8CF22F}"
EndProject
Global
	GlobalSection(SolutionConfigurationPlatforms) = preSolution
		Debug|x64 = Debug|x64
		Release|x64 = Release|x64
	EndGlobalSection
	GlobalSection(ProjectConfigurationPlatforms) = postSolution
		{1CFBB9EB-EA94-476D-85D1-7254AB8CF22F}.Debug|x64.ActiveCfg = Debug|x64
		{1CFBB9EB-EA94-476D-85D1-7254AB8CF22F}.Debug|x64.Build.0 = Debug|x64
		{1CFBB9EB-EA94-476D-85D1-7254AB8CF22F}.Release|x64.ActiveCfg = Release|x64
		{1CFBB9EB-EA94-476D-85D1-7254AB8CF22F}.Release|x64.Build.0 = Release|x64
	EndGlobalSection
	GlobalSection(SolutionProperties) = preSolution
		HideSolutionNode = FALSE
	EndGlobalSection
	GlobalSection(ExtensibilityGlobals) = postSolution
		SolutionGuid = {E29973A2-87AB-434B-B6FE-31A3D547C745}
	EndGlobalSection
EndGlobal
